
Microsoft Visual Studio Solution File, Format Version 12.00
# Visual Studio Version 17
VisualStudioVersion = 17.3.32825.248
MinimumVisualStudioVersion = 10.0.40219.1
Project("{FAE04EC0-301F-11D3-BF4B-00C04F79EFBC}") = "LeaveAPP", "LeaveAPP\LeaveAPP.csproj", "{E1C58A65-265E-4F5C-92D1-84E9F82ED960}"
EndProject
Global
	GlobalSection(SolutionConfigurationPlatforms) = preSolution
		Debug|Any CPU = Debug|Any CPU
		Release|Any CPU = Release|Any CPU
	EndGlobalSection
	GlobalSection(ProjectConfigurationPlatforms) = postSolution
		{E1C58A65-265E-4F5C-92D1-84E9F82ED960}.Debug|Any CPU.ActiveCfg = Debug|Any CPU
		{E1C58A65-265E-4F5C-92D1-84E9F82ED960}.Debug|Any CPU.Build.0 = Debug|Any CPU
		{E1C58A65-265E-4F5C-92D1-84E9F82ED960}.Release|Any CPU.ActiveCfg = Release|Any CPU
		{E1C58A65-265E-4F5C-92D1-84E9F82ED960}.Release|Any CPU.Build.0 = Release|Any CPU
	EndGlobalSection
	GlobalSection(SolutionProperties) = preSolution
		HideSolutionNode = FALSE
	EndGlobalSection
	GlobalSection(ExtensibilityGlobals) = postSolution
		SolutionGuid = {E0076869-A3EA-4C96-B9FD-2762F50D9855}
	EndGlobalSection
EndGlobal
